
Microsoft Visual Studio Solution File, Format Version 12.00
# Visual Studio 15
VisualStudioVersion = 15.0.28307.779
MinimumVisualStudioVersion = 10.0.40219.1
Project("{8BC9CEB8-8B4A-11D0-8D11-00A0C91BC942}") = "mmaptestsecprocess", "mmaptestsecprocess\mmaptestsecprocess.vcxproj", "{A111C8BA-BDD1-4382-B151-27F9774F3340}"
EndProject
Global
	GlobalSection(SolutionConfigurationPlatforms) = preSolution
		Debug|x64 = Debug|x64
		Debug|x86 = Debug|x86
		Release|x64 = Release|x64
		Release|x86 = Release|x86
	EndGlobalSection
	GlobalSection(ProjectConfigurationPlatforms) = postSolution
		{A111C8BA-BDD1-4382-B151-27F9774F3340}.Debug|x64.ActiveCfg = Debug|x64
		{A111C8BA-BDD1-4382-B151-27F9774F3340}.Debug|x64.Build.0 = Debug|x64
		{A111C8BA-BDD1-4382-B151-27F9774F3340}.Debug|x86.ActiveCfg = Debug|Win32
		{A111C8BA-BDD1-4382-B151-27F9774F3340}.Debug|x86.Build.0 = Debug|Win32
		{A111C8BA-BDD1-4382-B151-27F9774F3340}.Release|x64.ActiveCfg = Release|x64
		{A111C8BA-BDD1-4382-B151-27F9774F3340}.Release|x64.Build.0 = Release|x64
		{A111C8BA-BDD1-4382-B151-27F9774F3340}.Release|x86.ActiveCfg = Release|Win32
		{A111C8BA-BDD1-4382-B151-27F9774F3340}.Release|x86.Build.0 = Release|Win32
	EndGlobalSection
	GlobalSection(SolutionProperties) = preSolution
		HideSolutionNode = FALSE
	EndGlobalSection
	GlobalSection(ExtensibilityGlobals) = postSolution
		SolutionGuid = {897FA511-424E-4F26-8689-2BDDE31AE355}
	EndGlobalSection
EndGlobal
